
Microsoft Visual Studio Solution File, Format Version 12.00
# Visual Studio Version 16
VisualStudioVersion = 16.0.30621.155
MinimumVisualStudioVersion = 10.0.40219.1
Project("{FAE04EC0-301F-11D3-BF4B-00C04F79EFBC}") = "AOC_CS", "AOC_CS.csproj", "{F636552F-1A5D-4543-9D4D-709FA965738F}"
EndProject
Global
	GlobalSection(SolutionConfigurationPlatforms) = preSolution
		Debug|Any CPU = Debug|Any CPU
		Release|Any CPU = Release|Any CPU
	EndGlobalSection
	GlobalSection(ProjectConfigurationPlatforms) = postSolution
		{F636552F-1A5D-4543-9D4D-709FA965738F}.Debug|Any CPU.ActiveCfg = Debug|Any CPU
		{F636552F-1A5D-4543-9D4D-709FA965738F}.Debug|Any CPU.Build.0 = Debug|Any CPU
		{F636552F-1A5D-4543-9D4D-709FA965738F}.Release|Any CPU.ActiveCfg = Release|Any CPU
		{F636552F-1A5D-4543-9D4D-709FA965738F}.Release|Any CPU.Build.0 = Release|Any CPU
	EndGlobalSection
	GlobalSection(SolutionProperties) = preSolution
		HideSolutionNode = FALSE
	EndGlobalSection
	GlobalSection(ExtensibilityGlobals) = postSolution
		SolutionGuid = {80CD654F-F11D-4B28-BADE-09D90E74A374}
	EndGlobalSection
EndGlobal
